
Microsoft Visual Studio Solution File, Format Version 12.00
# Visual Studio Version 16
VisualStudioVersion = 16.0.29411.108
MinimumVisualStudioVersion = 10.0.40219.1
Project("{9A19103F-16F7-4668-BE54-9A1E7A4F7556}") = "AspNetCoreWebAppHost", "test\AspNetCoreWebAppHost\AspNetCoreWebAppHost.csproj", "{DD94CAE6-1089-4DB4-9251-B546FB1DE2FB}"
EndProject
Project("{9A19103F-16F7-4668-BE54-9A1E7A4F7556}") = "Outkeep.Interfaces", "src\Outkeep.Interfaces\Outkeep.Interfaces.csproj", "{29276F78-E04F-4B39-804E-5E15A105CE69}"
EndProject
Project("{9A19103F-16F7-4668-BE54-9A1E7A4F7556}") = "Outkeep.Implementations", "src\Outkeep.Implementations\Outkeep.Implementations.csproj", "{C3FC82CB-39D9-4394-B18A-C9F46FA57550}"
EndProject
Project("{9A19103F-16F7-4668-BE54-9A1E7A4F7556}") = "Outkeep.Client", "src\Outkeep.Client\Outkeep.Client.csproj", "{9A37CE1B-F752-438B-A279-92673F9AD573}"
EndProject
Project("{2150E333-8FDC-42A3-9474-1A3956D46DE8}") = "Test", "Test", "{2D1ED9D7-4191-4D8D-BD2D-CD322EB9B94E}"
EndProject
Project("{9A19103F-16F7-4668-BE54-9A1E7A4F7556}") = "ConsoleClientHost", "test\ConsoleClientHost\ConsoleClientHost.csproj", "{21B1C781-AD9C-4B41-A2EE-E2C1182CAA94}"
EndProject
Project("{9A19103F-16F7-4668-BE54-9A1E7A4F7556}") = "Outkeep.Hosting.Azure", "src\Outkeep.Hosting.Azure\Outkeep.Hosting.Azure.csproj", "{C30BBFDE-A3E9-4548-B3EB-C6DB775B2533}"
EndProject
Project("{9A19103F-16F7-4668-BE54-9A1E7A4F7556}") = "Outkeep.Application.Azure", "src\Outkeep.Application.Azure\Outkeep.Application.Azure.csproj", "{6DD2DF52-640E-47E6-9945-AE7278EA57FB}"
EndProject
Project("{9A19103F-16F7-4668-BE54-9A1E7A4F7556}") = "Outkeep.Hosting", "src\Outkeep.Hosting\Outkeep.Hosting.csproj", "{56D0F1D3-243F-49A6-BC96-A006687F0443}"
EndProject
Project("{9A19103F-16F7-4668-BE54-9A1E7A4F7556}") = "Outkeep.Core", "src\Outkeep.Core\Outkeep.Core.csproj", "{BCC021FF-397B-4A12-A5FA-45A59FC1209F}"
EndProject
Project("{FAE04EC0-301F-11D3-BF4B-00C04F79EFBC}") = "Outkeep.Client.Abstractions", "src\Outkeep.Client.Abstractions\Outkeep.Client.Abstractions.csproj", "{AFDCE2D0-3BA3-4233-82CF-6F465D4ED02E}"
EndProject
Global
	GlobalSection(SolutionConfigurationPlatforms) = preSolution
		Debug|Any CPU = Debug|Any CPU
		Release|Any CPU = Release|Any CPU
	EndGlobalSection
	GlobalSection(ProjectConfigurationPlatforms) = postSolution
		{DD94CAE6-1089-4DB4-9251-B546FB1DE2FB}.Debug|Any CPU.ActiveCfg = Debug|Any CPU
		{DD94CAE6-1089-4DB4-9251-B546FB1DE2FB}.Debug|Any CPU.Build.0 = Debug|Any CPU
		{DD94CAE6-1089-4DB4-9251-B546FB1DE2FB}.Release|Any CPU.ActiveCfg = Release|Any CPU
		{DD94CAE6-1089-4DB4-9251-B546FB1DE2FB}.Release|Any CPU.Build.0 = Release|Any CPU
		{29276F78-E04F-4B39-804E-5E15A105CE69}.Debug|Any CPU.ActiveCfg = Debug|Any CPU
		{29276F78-E04F-4B39-804E-5E15A105CE69}.Debug|Any CPU.Build.0 = Debug|Any CPU
		{29276F78-E04F-4B39-804E-5E15A105CE69}.Release|Any CPU.ActiveCfg = Release|Any CPU
		{29276F78-E04F-4B39-804E-5E15A105CE69}.Release|Any CPU.Build.0 = Release|Any CPU
		{C3FC82CB-39D9-4394-B18A-C9F46FA57550}.Debug|Any CPU.ActiveCfg = Debug|Any CPU
		{C3FC82CB-39D9-4394-B18A-C9F46FA57550}.Debug|Any CPU.Build.0 = Debug|Any CPU
		{C3FC82CB-39D9-4394-B18A-C9F46FA57550}.Release|Any CPU.ActiveCfg = Release|Any CPU
		{C3FC82CB-39D9-4394-B18A-C9F46FA57550}.Release|Any CPU.Build.0 = Release|Any CPU
		{9A37CE1B-F752-438B-A279-92673F9AD573}.Debug|Any CPU.ActiveCfg = Debug|Any CPU
		{9A37CE1B-F752-438B-A279-92673F9AD573}.Debug|Any CPU.Build.0 = Debug|Any CPU
		{9A37CE1B-F752-438B-A279-92673F9AD573}.Release|Any CPU.ActiveCfg = Release|Any CPU
		{9A37CE1B-F752-438B-A279-92673F9AD573}.Release|Any CPU.Build.0 = Release|Any CPU
		{21B1C781-AD9C-4B41-A2EE-E2C1182CAA94}.Debug|Any CPU.ActiveCfg = Debug|Any CPU
		{21B1C781-AD9C-4B41-A2EE-E2C1182CAA94}.Debug|Any CPU.Build.0 = Debug|Any CPU
		{21B1C781-AD9C-4B41-A2EE-E2C1182CAA94}.Release|Any CPU.ActiveCfg = Release|Any CPU
		{21B1C781-AD9C-4B41-A2EE-E2C1182CAA94}.Release|Any CPU.Build.0 = Release|Any CPU
		{C30BBFDE-A3E9-4548-B3EB-C6DB775B2533}.Debug|Any CPU.ActiveCfg = Debug|Any CPU
		{C30BBFDE-A3E9-4548-B3EB-C6DB775B2533}.Debug|Any CPU.Build.0 = Debug|Any CPU
		{C30BBFDE-A3E9-4548-B3EB-C6DB775B2533}.Release|Any CPU.ActiveCfg = Release|Any CPU
		{C30BBFDE-A3E9-4548-B3EB-C6DB775B2533}.Release|Any CPU.Build.0 = Release|Any CPU
		{6DD2DF52-640E-47E6-9945-AE7278EA57FB}.Debug|Any CPU.ActiveCfg = Debug|Any CPU
		{6DD2DF52-640E-47E6-9945-AE7278EA57FB}.Debug|Any CPU.Build.0 = Debug|Any CPU
		{6DD2DF52-640E-47E6-9945-AE7278EA57FB}.Release|Any CPU.ActiveCfg = Release|Any CPU
		{6DD2DF52-640E-47E6-9945-AE7278EA57FB}.Release|Any CPU.Build.0 = Release|Any CPU
		{56D0F1D3-243F-49A6-BC96-A006687F0443}.Debug|Any CPU.ActiveCfg = Debug|Any CPU
		{56D0F1D3-243F-49A6-BC96-A006687F0443}.Debug|Any CPU.Build.0 = Debug|Any CPU
		{56D0F1D3-243F-49A6-BC96-A006687F0443}.Release|Any CPU.ActiveCfg = Release|Any CPU
		{56D0F1D3-243F-49A6-BC96-A006687F0443}.Release|Any CPU.Build.0 = Release|Any CPU
		{BCC021FF-397B-4A12-A5FA-45A59FC1209F}.Debug|Any CPU.ActiveCfg = Debug|Any CPU
		{BCC021FF-397B-4A12-A5FA-45A59FC1209F}.Debug|Any CPU.Build.0 = Debug|Any CPU
		{BCC021FF-397B-4A12-A5FA-45A59FC1209F}.Release|Any CPU.ActiveCfg = Release|Any CPU
		{BCC021FF-397B-4A12-A5FA-45A59FC1209F}.Release|Any CPU.Build.0 = Release|Any CPU
		{AFDCE2D0-3BA3-4233-82CF-6F465D4ED02E}.Debug|Any CPU.ActiveCfg = Debug|Any CPU
		{AFDCE2D0-3BA3-4233-82CF-6F465D4ED02E}.Debug|Any CPU.Build.0 = Debug|Any CPU
		{AFDCE2D0-3BA3-4233-82CF-6F465D4ED02E}.Release|Any CPU.ActiveCfg = Release|Any CPU
		{AFDCE2D0-3BA3-4233-82CF-6F465D4ED02E}.Release|Any CPU.Build.0 = Release|Any CPU
	EndGlobalSection
	GlobalSection(SolutionProperties) = preSolution
		HideSolutionNode = FALSE
	EndGlobalSection
	GlobalSection(NestedProjects) = preSolution
		{DD94CAE6-1089-4DB4-9251-B546FB1DE2FB} = {2D1ED9D7-4191-4D8D-BD2D-CD322EB9B94E}
		{21B1C781-AD9C-4B41-A2EE-E2C1182CAA94} = {2D1ED9D7-4191-4D8D-BD2D-CD322EB9B94E}
	EndGlobalSection
	GlobalSection(ExtensibilityGlobals) = postSolution
		SolutionGuid = {BF479E3D-6C10-47A9-8079-70834C9DD8EB}
	EndGlobalSection
EndGlobal
