
Microsoft Visual Studio Solution File, Format Version 12.00
# Visual Studio Version 16
VisualStudioVersion = 16.0.29411.108
MinimumVisualStudioVersion = 10.0.40219.1
Project("{FAE04EC0-301F-11D3-BF4B-00C04F79EFBC}") = "Outkeep", "src\Outkeep\Outkeep.csproj", "{47204B5B-1129-4B3B-BD3C-00FA9D6235BB}"
EndProject
Project("{FAE04EC0-301F-11D3-BF4B-00C04F79EFBC}") = "AspNetCoreWebAppHost", "test\AspNetCoreWebAppHost\AspNetCoreWebAppHost.csproj", "{DD94CAE6-1089-4DB4-9251-B546FB1DE2FB}"
EndProject
Global
	GlobalSection(SolutionConfigurationPlatforms) = preSolution
		Debug|Any CPU = Debug|Any CPU
		Release|Any CPU = Release|Any CPU
	EndGlobalSection
	GlobalSection(ProjectConfigurationPlatforms) = postSolution
		{47204B5B-1129-4B3B-BD3C-00FA9D6235BB}.Debug|Any CPU.ActiveCfg = Debug|Any CPU
		{47204B5B-1129-4B3B-BD3C-00FA9D6235BB}.Debug|Any CPU.Build.0 = Debug|Any CPU
		{47204B5B-1129-4B3B-BD3C-00FA9D6235BB}.Release|Any CPU.ActiveCfg = Release|Any CPU
		{47204B5B-1129-4B3B-BD3C-00FA9D6235BB}.Release|Any CPU.Build.0 = Release|Any CPU
		{DD94CAE6-1089-4DB4-9251-B546FB1DE2FB}.Debug|Any CPU.ActiveCfg = Debug|Any CPU
		{DD94CAE6-1089-4DB4-9251-B546FB1DE2FB}.Debug|Any CPU.Build.0 = Debug|Any CPU
		{DD94CAE6-1089-4DB4-9251-B546FB1DE2FB}.Release|Any CPU.ActiveCfg = Release|Any CPU
		{DD94CAE6-1089-4DB4-9251-B546FB1DE2FB}.Release|Any CPU.Build.0 = Release|Any CPU
	EndGlobalSection
	GlobalSection(SolutionProperties) = preSolution
		HideSolutionNode = FALSE
	EndGlobalSection
	GlobalSection(ExtensibilityGlobals) = postSolution
		SolutionGuid = {BF479E3D-6C10-47A9-8079-70834C9DD8EB}
	EndGlobalSection
EndGlobal
