
Microsoft Visual Studio Solution File, Format Version 12.00
# Visual Studio Version 16
VisualStudioVersion = 16.0.29411.108
MinimumVisualStudioVersion = 10.0.40219.1
Project("{9A19103F-16F7-4668-BE54-9A1E7A4F7556}") = "Outkeep.Interfaces", "src\Outkeep.Interfaces\Outkeep.Interfaces.csproj", "{29276F78-E04F-4B39-804E-5E15A105CE69}"
EndProject
Project("{9A19103F-16F7-4668-BE54-9A1E7A4F7556}") = "Outkeep.Client", "src\Outkeep.Client\Outkeep.Client.csproj", "{9A37CE1B-F752-438B-A279-92673F9AD573}"
EndProject
Project("{2150E333-8FDC-42A3-9474-1A3956D46DE8}") = "Test", "Test", "{2D1ED9D7-4191-4D8D-BD2D-CD322EB9B94E}"
EndProject
Project("{9A19103F-16F7-4668-BE54-9A1E7A4F7556}") = "Outkeep.Hosting.Azure", "src\Outkeep.Hosting.Azure\Outkeep.Hosting.Azure.csproj", "{C30BBFDE-A3E9-4548-B3EB-C6DB775B2533}"
EndProject
Project("{9A19103F-16F7-4668-BE54-9A1E7A4F7556}") = "Outkeep.Application.Azure", "src\Outkeep.Application.Azure\Outkeep.Application.Azure.csproj", "{6DD2DF52-640E-47E6-9945-AE7278EA57FB}"
EndProject
Project("{9A19103F-16F7-4668-BE54-9A1E7A4F7556}") = "Outkeep.Hosting", "src\Outkeep.Hosting\Outkeep.Hosting.csproj", "{56D0F1D3-243F-49A6-BC96-A006687F0443}"
EndProject
Project("{9A19103F-16F7-4668-BE54-9A1E7A4F7556}") = "Outkeep.Core", "src\Outkeep.Core\Outkeep.Core.csproj", "{BCC021FF-397B-4A12-A5FA-45A59FC1209F}"
EndProject
Project("{9A19103F-16F7-4668-BE54-9A1E7A4F7556}") = "Outkeep.Application.Standalone", "src\Outkeep.Application.Standalone\Outkeep.Application.Standalone.csproj", "{862A484E-36B6-44EB-82BD-4FB3E88821E4}"
EndProject
Project("{9A19103F-16F7-4668-BE54-9A1E7A4F7556}") = "Outkeep.Hosting.Standalone", "src\Outkeep.Hosting.Standalone\Outkeep.Hosting.Standalone.csproj", "{A3313255-A96C-495C-9275-D5FC7A9DE10C}"
EndProject
Project("{2150E333-8FDC-42A3-9474-1A3956D46DE8}") = "Solution Items", "Solution Items", "{1A4AAB70-E662-4055-9256-05A6C82F966F}"
	ProjectSection(SolutionItems) = preProject
		azure-pipelines.yml = azure-pipelines.yml
		README.md = README.md
	EndProjectSection
EndProject
Project("{9A19103F-16F7-4668-BE54-9A1E7A4F7556}") = "Outkeep.Grains", "src\Outkeep.Grains\Outkeep.Grains.csproj", "{76F9E90E-DB3C-4688-84B2-3E281940F73D}"
EndProject
Project("{9A19103F-16F7-4668-BE54-9A1E7A4F7556}") = "Outkeep.Grains.Tests", "test\Outkeep.Grains.Tests\Outkeep.Grains.Tests.csproj", "{C6D7F401-8F67-427D-A3A7-9AC5BB309396}"
EndProject
Project("{9A19103F-16F7-4668-BE54-9A1E7A4F7556}") = "Outkeep.Client.Tests", "test\Outkeep.Client.Tests\Outkeep.Client.Tests.csproj", "{80F04F5A-5F87-439A-AE28-64B65A9E180D}"
EndProject
Project("{9A19103F-16F7-4668-BE54-9A1E7A4F7556}") = "Outkeep.Hosting.Tests", "test\Outkeep.Hosting.Tests\Outkeep.Hosting.Tests.csproj", "{4B1FF738-A813-4D39-94E2-6ADB852F8B07}"
EndProject
Project("{9A19103F-16F7-4668-BE54-9A1E7A4F7556}") = "Outkeep.Api.Http", "src\Outkeep.Api.Http\Outkeep.Api.Http.csproj", "{62C3DB1E-1C17-4B36-8B2B-6A32C7274BBF}"
EndProject
Project("{9A19103F-16F7-4668-BE54-9A1E7A4F7556}") = "Outkeep.Api.Http.Tests", "test\Outkeep.Api.Http.Tests\Outkeep.Api.Http.Tests.csproj", "{585B4133-1FA1-4E21-ADD4-EB841A4E69A2}"
EndProject
Project("{9A19103F-16F7-4668-BE54-9A1E7A4F7556}") = "Outkeep.Interfaces.Tests", "test\Outkeep.Interfaces.Tests\Outkeep.Interfaces.Tests.csproj", "{46240BA1-37FD-4CC6-9C32-9AA4B60DB1B2}"
EndProject
Project("{9A19103F-16F7-4668-BE54-9A1E7A4F7556}") = "Outkeep.Core.Tests", "test\Outkeep.Core.Tests\Outkeep.Core.Tests.csproj", "{AED6CA53-B99E-43B0-9127-2F1E3B0DA188}"
EndProject
Project("{9A19103F-16F7-4668-BE54-9A1E7A4F7556}") = "Outkeep.Hosting.Standalone.Tests", "test\Outkeep.Hosting.Standalone.Tests\Outkeep.Hosting.Standalone.Tests.csproj", "{144CBFE0-C467-4070-AA30-0CAFBCAA47C2}"
EndProject
Project("{9A19103F-16F7-4668-BE54-9A1E7A4F7556}") = "Benchmarks", "benchmark\Benchmarks\Benchmarks.csproj", "{6341A7B8-3D7E-4289-8842-43225D0593CB}"
EndProject
Project("{FAE04EC0-301F-11D3-BF4B-00C04F79EFBC}") = "Outkeep.Core.Abstractions", "src\Outkeep.Core.Abstractions\Outkeep.Core.Abstractions.csproj", "{6839C57B-2093-46A1-B788-17730F76185A}"
EndProject
Global
	GlobalSection(SolutionConfigurationPlatforms) = preSolution
		Debug|Any CPU = Debug|Any CPU
		Release|Any CPU = Release|Any CPU
	EndGlobalSection
	GlobalSection(ProjectConfigurationPlatforms) = postSolution
		{29276F78-E04F-4B39-804E-5E15A105CE69}.Debug|Any CPU.ActiveCfg = Debug|Any CPU
		{29276F78-E04F-4B39-804E-5E15A105CE69}.Debug|Any CPU.Build.0 = Debug|Any CPU
		{29276F78-E04F-4B39-804E-5E15A105CE69}.Release|Any CPU.ActiveCfg = Release|Any CPU
		{29276F78-E04F-4B39-804E-5E15A105CE69}.Release|Any CPU.Build.0 = Release|Any CPU
		{9A37CE1B-F752-438B-A279-92673F9AD573}.Debug|Any CPU.ActiveCfg = Debug|Any CPU
		{9A37CE1B-F752-438B-A279-92673F9AD573}.Debug|Any CPU.Build.0 = Debug|Any CPU
		{9A37CE1B-F752-438B-A279-92673F9AD573}.Release|Any CPU.ActiveCfg = Release|Any CPU
		{9A37CE1B-F752-438B-A279-92673F9AD573}.Release|Any CPU.Build.0 = Release|Any CPU
		{C30BBFDE-A3E9-4548-B3EB-C6DB775B2533}.Debug|Any CPU.ActiveCfg = Debug|Any CPU
		{C30BBFDE-A3E9-4548-B3EB-C6DB775B2533}.Debug|Any CPU.Build.0 = Debug|Any CPU
		{C30BBFDE-A3E9-4548-B3EB-C6DB775B2533}.Release|Any CPU.ActiveCfg = Release|Any CPU
		{C30BBFDE-A3E9-4548-B3EB-C6DB775B2533}.Release|Any CPU.Build.0 = Release|Any CPU
		{6DD2DF52-640E-47E6-9945-AE7278EA57FB}.Debug|Any CPU.ActiveCfg = Debug|Any CPU
		{6DD2DF52-640E-47E6-9945-AE7278EA57FB}.Debug|Any CPU.Build.0 = Debug|Any CPU
		{6DD2DF52-640E-47E6-9945-AE7278EA57FB}.Release|Any CPU.ActiveCfg = Release|Any CPU
		{6DD2DF52-640E-47E6-9945-AE7278EA57FB}.Release|Any CPU.Build.0 = Release|Any CPU
		{56D0F1D3-243F-49A6-BC96-A006687F0443}.Debug|Any CPU.ActiveCfg = Debug|Any CPU
		{56D0F1D3-243F-49A6-BC96-A006687F0443}.Debug|Any CPU.Build.0 = Debug|Any CPU
		{56D0F1D3-243F-49A6-BC96-A006687F0443}.Release|Any CPU.ActiveCfg = Release|Any CPU
		{56D0F1D3-243F-49A6-BC96-A006687F0443}.Release|Any CPU.Build.0 = Release|Any CPU
		{BCC021FF-397B-4A12-A5FA-45A59FC1209F}.Debug|Any CPU.ActiveCfg = Debug|Any CPU
		{BCC021FF-397B-4A12-A5FA-45A59FC1209F}.Debug|Any CPU.Build.0 = Debug|Any CPU
		{BCC021FF-397B-4A12-A5FA-45A59FC1209F}.Release|Any CPU.ActiveCfg = Release|Any CPU
		{BCC021FF-397B-4A12-A5FA-45A59FC1209F}.Release|Any CPU.Build.0 = Release|Any CPU
		{862A484E-36B6-44EB-82BD-4FB3E88821E4}.Debug|Any CPU.ActiveCfg = Debug|Any CPU
		{862A484E-36B6-44EB-82BD-4FB3E88821E4}.Debug|Any CPU.Build.0 = Debug|Any CPU
		{862A484E-36B6-44EB-82BD-4FB3E88821E4}.Release|Any CPU.ActiveCfg = Release|Any CPU
		{862A484E-36B6-44EB-82BD-4FB3E88821E4}.Release|Any CPU.Build.0 = Release|Any CPU
		{A3313255-A96C-495C-9275-D5FC7A9DE10C}.Debug|Any CPU.ActiveCfg = Debug|Any CPU
		{A3313255-A96C-495C-9275-D5FC7A9DE10C}.Debug|Any CPU.Build.0 = Debug|Any CPU
		{A3313255-A96C-495C-9275-D5FC7A9DE10C}.Release|Any CPU.ActiveCfg = Release|Any CPU
		{A3313255-A96C-495C-9275-D5FC7A9DE10C}.Release|Any CPU.Build.0 = Release|Any CPU
		{76F9E90E-DB3C-4688-84B2-3E281940F73D}.Debug|Any CPU.ActiveCfg = Debug|Any CPU
		{76F9E90E-DB3C-4688-84B2-3E281940F73D}.Debug|Any CPU.Build.0 = Debug|Any CPU
		{76F9E90E-DB3C-4688-84B2-3E281940F73D}.Release|Any CPU.ActiveCfg = Release|Any CPU
		{76F9E90E-DB3C-4688-84B2-3E281940F73D}.Release|Any CPU.Build.0 = Release|Any CPU
		{C6D7F401-8F67-427D-A3A7-9AC5BB309396}.Debug|Any CPU.ActiveCfg = Debug|Any CPU
		{C6D7F401-8F67-427D-A3A7-9AC5BB309396}.Debug|Any CPU.Build.0 = Debug|Any CPU
		{C6D7F401-8F67-427D-A3A7-9AC5BB309396}.Release|Any CPU.ActiveCfg = Release|Any CPU
		{C6D7F401-8F67-427D-A3A7-9AC5BB309396}.Release|Any CPU.Build.0 = Release|Any CPU
		{80F04F5A-5F87-439A-AE28-64B65A9E180D}.Debug|Any CPU.ActiveCfg = Debug|Any CPU
		{80F04F5A-5F87-439A-AE28-64B65A9E180D}.Debug|Any CPU.Build.0 = Debug|Any CPU
		{80F04F5A-5F87-439A-AE28-64B65A9E180D}.Release|Any CPU.ActiveCfg = Release|Any CPU
		{80F04F5A-5F87-439A-AE28-64B65A9E180D}.Release|Any CPU.Build.0 = Release|Any CPU
		{4B1FF738-A813-4D39-94E2-6ADB852F8B07}.Debug|Any CPU.ActiveCfg = Debug|Any CPU
		{4B1FF738-A813-4D39-94E2-6ADB852F8B07}.Debug|Any CPU.Build.0 = Debug|Any CPU
		{4B1FF738-A813-4D39-94E2-6ADB852F8B07}.Release|Any CPU.ActiveCfg = Release|Any CPU
		{4B1FF738-A813-4D39-94E2-6ADB852F8B07}.Release|Any CPU.Build.0 = Release|Any CPU
		{62C3DB1E-1C17-4B36-8B2B-6A32C7274BBF}.Debug|Any CPU.ActiveCfg = Debug|Any CPU
		{62C3DB1E-1C17-4B36-8B2B-6A32C7274BBF}.Debug|Any CPU.Build.0 = Debug|Any CPU
		{62C3DB1E-1C17-4B36-8B2B-6A32C7274BBF}.Release|Any CPU.ActiveCfg = Release|Any CPU
		{62C3DB1E-1C17-4B36-8B2B-6A32C7274BBF}.Release|Any CPU.Build.0 = Release|Any CPU
		{585B4133-1FA1-4E21-ADD4-EB841A4E69A2}.Debug|Any CPU.ActiveCfg = Debug|Any CPU
		{585B4133-1FA1-4E21-ADD4-EB841A4E69A2}.Debug|Any CPU.Build.0 = Debug|Any CPU
		{585B4133-1FA1-4E21-ADD4-EB841A4E69A2}.Release|Any CPU.ActiveCfg = Release|Any CPU
		{585B4133-1FA1-4E21-ADD4-EB841A4E69A2}.Release|Any CPU.Build.0 = Release|Any CPU
		{46240BA1-37FD-4CC6-9C32-9AA4B60DB1B2}.Debug|Any CPU.ActiveCfg = Debug|Any CPU
		{46240BA1-37FD-4CC6-9C32-9AA4B60DB1B2}.Debug|Any CPU.Build.0 = Debug|Any CPU
		{46240BA1-37FD-4CC6-9C32-9AA4B60DB1B2}.Release|Any CPU.ActiveCfg = Release|Any CPU
		{46240BA1-37FD-4CC6-9C32-9AA4B60DB1B2}.Release|Any CPU.Build.0 = Release|Any CPU
		{AED6CA53-B99E-43B0-9127-2F1E3B0DA188}.Debug|Any CPU.ActiveCfg = Debug|Any CPU
		{AED6CA53-B99E-43B0-9127-2F1E3B0DA188}.Debug|Any CPU.Build.0 = Debug|Any CPU
		{AED6CA53-B99E-43B0-9127-2F1E3B0DA188}.Release|Any CPU.ActiveCfg = Release|Any CPU
		{AED6CA53-B99E-43B0-9127-2F1E3B0DA188}.Release|Any CPU.Build.0 = Release|Any CPU
		{144CBFE0-C467-4070-AA30-0CAFBCAA47C2}.Debug|Any CPU.ActiveCfg = Debug|Any CPU
		{144CBFE0-C467-4070-AA30-0CAFBCAA47C2}.Debug|Any CPU.Build.0 = Debug|Any CPU
		{144CBFE0-C467-4070-AA30-0CAFBCAA47C2}.Release|Any CPU.ActiveCfg = Release|Any CPU
		{144CBFE0-C467-4070-AA30-0CAFBCAA47C2}.Release|Any CPU.Build.0 = Release|Any CPU
		{6341A7B8-3D7E-4289-8842-43225D0593CB}.Debug|Any CPU.ActiveCfg = Release|Any CPU
		{6341A7B8-3D7E-4289-8842-43225D0593CB}.Debug|Any CPU.Build.0 = Release|Any CPU
		{6341A7B8-3D7E-4289-8842-43225D0593CB}.Release|Any CPU.ActiveCfg = Release|Any CPU
		{6341A7B8-3D7E-4289-8842-43225D0593CB}.Release|Any CPU.Build.0 = Release|Any CPU
		{6839C57B-2093-46A1-B788-17730F76185A}.Debug|Any CPU.ActiveCfg = Debug|Any CPU
		{6839C57B-2093-46A1-B788-17730F76185A}.Debug|Any CPU.Build.0 = Debug|Any CPU
		{6839C57B-2093-46A1-B788-17730F76185A}.Release|Any CPU.ActiveCfg = Release|Any CPU
		{6839C57B-2093-46A1-B788-17730F76185A}.Release|Any CPU.Build.0 = Release|Any CPU
	EndGlobalSection
	GlobalSection(SolutionProperties) = preSolution
		HideSolutionNode = FALSE
	EndGlobalSection
	GlobalSection(NestedProjects) = preSolution
		{C6D7F401-8F67-427D-A3A7-9AC5BB309396} = {2D1ED9D7-4191-4D8D-BD2D-CD322EB9B94E}
		{80F04F5A-5F87-439A-AE28-64B65A9E180D} = {2D1ED9D7-4191-4D8D-BD2D-CD322EB9B94E}
		{4B1FF738-A813-4D39-94E2-6ADB852F8B07} = {2D1ED9D7-4191-4D8D-BD2D-CD322EB9B94E}
		{585B4133-1FA1-4E21-ADD4-EB841A4E69A2} = {2D1ED9D7-4191-4D8D-BD2D-CD322EB9B94E}
		{46240BA1-37FD-4CC6-9C32-9AA4B60DB1B2} = {2D1ED9D7-4191-4D8D-BD2D-CD322EB9B94E}
		{AED6CA53-B99E-43B0-9127-2F1E3B0DA188} = {2D1ED9D7-4191-4D8D-BD2D-CD322EB9B94E}
		{144CBFE0-C467-4070-AA30-0CAFBCAA47C2} = {2D1ED9D7-4191-4D8D-BD2D-CD322EB9B94E}
		{6341A7B8-3D7E-4289-8842-43225D0593CB} = {2D1ED9D7-4191-4D8D-BD2D-CD322EB9B94E}
	EndGlobalSection
	GlobalSection(ExtensibilityGlobals) = postSolution
		SolutionGuid = {BF479E3D-6C10-47A9-8079-70834C9DD8EB}
	EndGlobalSection
EndGlobal
